{
  "object": {
    "pins": [
      {
        "package": "Dependencies",
        "repositoryURL": "/Users/iwheelbuy/Documents/Projects",
        "state": {
          "branch": "master",
          "revision": "a701f9b68ecd836821e0e5aed169b5012f62c589",
          "version": null
        }
      }
    ]
  },
  "version": 1
}
