{
  "object": {
    "pins": [
      {
        "package": "Dependencies",
        "repositoryURL": "/Users/iwheelbuy/Documents/Projects",
        "state": {
          "branch": "master",
          "revision": "f8fc684e035e4921226443538a68b4c965c08b4d",
          "version": null
        }
      }
    ]
  },
  "version": 1
}
