{
  "object": {
    "pins": [
      {
        "package": "Dependencies",
        "repositoryURL": "/Users/iwheelbuy/Documents/Projects",
        "state": {
          "branch": "master",
          "revision": "d46c0e476048fc3fe63ef8fe3b29e06b0d861c98",
          "version": null
        }
      }
    ]
  },
  "version": 1
}
